
Microsoft Visual Studio Solution File, Format Version 12.00
# Visual Studio Version 16
VisualStudioVersion = 16.0.29905.134
MinimumVisualStudioVersion = 10.0.40219.1
Project("{9A19103F-16F7-4668-BE54-9A1E7A4F7556}") = "IthsLetsEatFastFood", "IthsLetsEatFastFood\IthsLetsEatFastFood.csproj", "{F5BA1698-00F7-4EC3-A126-945E4979B307}"
EndProject
Project("{9A19103F-16F7-4668-BE54-9A1E7A4F7556}") = "Lets.WebService", "Lets.WebService\Lets.WebService.csproj", "{514868C8-78D8-4CA5-87EE-89774E60BEE4}"
EndProject
Project("{9A19103F-16F7-4668-BE54-9A1E7A4F7556}") = "Lets.WebService.Client", "Lets.WebService.Client\Lets.WebService.Client.csproj", "{17F4F7E9-3289-4FD9-B2AE-D65239FD5FC3}"
EndProject
Project("{9A19103F-16F7-4668-BE54-9A1E7A4F7556}") = "Lets.WebService.Test", "Lets.WebService.Test\Lets.WebService.Test.csproj", "{F358D35D-7601-4CFC-BDF5-E4D3BED731B6}"
EndProject
Project("{9A19103F-16F7-4668-BE54-9A1E7A4F7556}") = "Lets.OrderWebService", "Lets.OrderWebService\Lets.OrderWebService.csproj", "{1ABEF72E-CF23-4D91-A857-BF197B161081}"
EndProject
Global
	GlobalSection(SolutionConfigurationPlatforms) = preSolution
		Debug|Any CPU = Debug|Any CPU
		Release|Any CPU = Release|Any CPU
	EndGlobalSection
	GlobalSection(ProjectConfigurationPlatforms) = postSolution
		{F5BA1698-00F7-4EC3-A126-945E4979B307}.Debug|Any CPU.ActiveCfg = Debug|Any CPU
		{F5BA1698-00F7-4EC3-A126-945E4979B307}.Debug|Any CPU.Build.0 = Debug|Any CPU
		{F5BA1698-00F7-4EC3-A126-945E4979B307}.Release|Any CPU.ActiveCfg = Release|Any CPU
		{F5BA1698-00F7-4EC3-A126-945E4979B307}.Release|Any CPU.Build.0 = Release|Any CPU
		{514868C8-78D8-4CA5-87EE-89774E60BEE4}.Debug|Any CPU.ActiveCfg = Debug|Any CPU
		{514868C8-78D8-4CA5-87EE-89774E60BEE4}.Debug|Any CPU.Build.0 = Debug|Any CPU
		{514868C8-78D8-4CA5-87EE-89774E60BEE4}.Release|Any CPU.ActiveCfg = Release|Any CPU
		{514868C8-78D8-4CA5-87EE-89774E60BEE4}.Release|Any CPU.Build.0 = Release|Any CPU
		{17F4F7E9-3289-4FD9-B2AE-D65239FD5FC3}.Debug|Any CPU.ActiveCfg = Debug|Any CPU
		{17F4F7E9-3289-4FD9-B2AE-D65239FD5FC3}.Debug|Any CPU.Build.0 = Debug|Any CPU
		{17F4F7E9-3289-4FD9-B2AE-D65239FD5FC3}.Release|Any CPU.ActiveCfg = Release|Any CPU
		{17F4F7E9-3289-4FD9-B2AE-D65239FD5FC3}.Release|Any CPU.Build.0 = Release|Any CPU
		{F358D35D-7601-4CFC-BDF5-E4D3BED731B6}.Debug|Any CPU.ActiveCfg = Debug|Any CPU
		{F358D35D-7601-4CFC-BDF5-E4D3BED731B6}.Debug|Any CPU.Build.0 = Debug|Any CPU
		{F358D35D-7601-4CFC-BDF5-E4D3BED731B6}.Release|Any CPU.ActiveCfg = Release|Any CPU
		{F358D35D-7601-4CFC-BDF5-E4D3BED731B6}.Release|Any CPU.Build.0 = Release|Any CPU
		{1ABEF72E-CF23-4D91-A857-BF197B161081}.Debug|Any CPU.ActiveCfg = Debug|Any CPU
		{1ABEF72E-CF23-4D91-A857-BF197B161081}.Debug|Any CPU.Build.0 = Debug|Any CPU
		{1ABEF72E-CF23-4D91-A857-BF197B161081}.Release|Any CPU.ActiveCfg = Release|Any CPU
		{1ABEF72E-CF23-4D91-A857-BF197B161081}.Release|Any CPU.Build.0 = Release|Any CPU
	EndGlobalSection
	GlobalSection(SolutionProperties) = preSolution
		HideSolutionNode = FALSE
	EndGlobalSection
	GlobalSection(ExtensibilityGlobals) = postSolution
		SolutionGuid = {31F0EA0E-C03C-49F6-BE6F-86C3BF18FCF5}
	EndGlobalSection
EndGlobal
